
Microsoft Visual Studio Solution File, Format Version 12.00
# Visual Studio Version 17
VisualStudioVersion = 17.4.33110.190
MinimumVisualStudioVersion = 10.0.40219.1
Project("{2150E333-8FDC-42A3-9474-1A3956D46DE8}") = "Services", "Services", "{D3D0E6B2-C838-4766-8E50-231D978F13D3}"
EndProject
Project("{2150E333-8FDC-42A3-9474-1A3956D46DE8}") = "Catalog", "Catalog", "{DE6617F4-3CCF-41FB-BAF8-12389DA9F3C0}"
EndProject
Project("{9A19103F-16F7-4668-BE54-9A1E7A4F7556}") = "FreeCourse.Services.Catalog", "Services\Catalog\FreeCourse.Services.Catalog\FreeCourse.Services.Catalog.csproj", "{56A7E621-B89C-4A72-9919-C7C4BF4830E2}"
EndProject
Project("{2150E333-8FDC-42A3-9474-1A3956D46DE8}") = "Solution Items", "Solution Items", "{EBFDD75F-7687-4687-BC72-35A7097B7FAE}"
	ProjectSection(SolutionItems) = preProject
		Ports.txt = Ports.txt
	EndProjectSection
EndProject
Project("{2150E333-8FDC-42A3-9474-1A3956D46DE8}") = "Shared", "Shared", "{B55E2710-CC88-4E85-AA33-19FC072DC956}"
EndProject
Project("{9A19103F-16F7-4668-BE54-9A1E7A4F7556}") = "FreeCourse.Shared", "Shared\FreeCourse.Shared\FreeCourse.Shared.csproj", "{95E0BB73-0F07-4BB4-BE2D-E872DA433F16}"
EndProject
Project("{2150E333-8FDC-42A3-9474-1A3956D46DE8}") = "IdentityServer", "IdentityServer", "{3977B4DA-E110-4F22-99E8-B408B653572E}"
EndProject
Project("{9A19103F-16F7-4668-BE54-9A1E7A4F7556}") = "FreeCourse.IdentityServer", "IdentityServer\FreeCourse.IdentityServer\FreeCourse.IdentityServer.csproj", "{682ED4C3-B77D-41FF-BFC2-47B64D92BACB}"
EndProject
Project("{2150E333-8FDC-42A3-9474-1A3956D46DE8}") = "PhotoStock", "PhotoStock", "{95B44330-D5CD-49AF-B907-4C33FC4877DA}"
EndProject
Project("{9A19103F-16F7-4668-BE54-9A1E7A4F7556}") = "FreeCourse.Services.PhotoStock", "Services\PhotoStock\FreeCourse.Services.PhotoStock\FreeCourse.Services.PhotoStock.csproj", "{F8981FA5-AFA5-4FB7-9E15-09F89F038EBD}"
EndProject
Project("{2150E333-8FDC-42A3-9474-1A3956D46DE8}") = "Basket", "Basket", "{88D5C6F8-FBC5-48C7-90D0-49642D29183B}"
EndProject
Project("{2150E333-8FDC-42A3-9474-1A3956D46DE8}") = "Discount", "Discount", "{6EB5C42E-63F9-4B12-9140-00B34794E0FA}"
EndProject
Project("{9A19103F-16F7-4668-BE54-9A1E7A4F7556}") = "FreeCourse.Services.Discount", "Services\Discount\FreeCourse.Services.Discount\FreeCourse.Services.Discount.csproj", "{1BBBC67F-FDDF-402B-92C0-1B212DE404F4}"
EndProject
Project("{9A19103F-16F7-4668-BE54-9A1E7A4F7556}") = "FreeCourse.Services.Basket", "Services\Basket\FreeCourse.Services.Basket\FreeCourse.Services.Basket.csproj", "{16323994-1052-4FAC-ABBE-F930DE114B31}"
EndProject
Project("{2150E333-8FDC-42A3-9474-1A3956D46DE8}") = "Order", "Order", "{D2F5D7C1-52EF-4856-9F93-81F26330D0C0}"
EndProject
Project("{FAE04EC0-301F-11D3-BF4B-00C04F79EFBC}") = "FreeCourse.Services.Order.API", "Services\Order\FreeCourse.Services.Order.API\FreeCourse.Services.Order.API.csproj", "{4E913658-CB33-4D14-AFFB-425ED20F2D7A}"
EndProject
Project("{FAE04EC0-301F-11D3-BF4B-00C04F79EFBC}") = "FreeCourse.Services.Order.Application", "Services\Order\FreeCourse.Services.Order.Application\FreeCourse.Services.Order.Application.csproj", "{8C3522FE-2180-4FBB-B427-818FE16BFBB5}"
EndProject
Project("{FAE04EC0-301F-11D3-BF4B-00C04F79EFBC}") = "FreeCourse.Services.Order.Domain", "Services\Order\FreeCourse.Services.Order.Domain\FreeCourse.Services.Order.Domain.csproj", "{D8C3E3E9-1D04-41C8-B468-896CFC1E14DF}"
EndProject
Project("{FAE04EC0-301F-11D3-BF4B-00C04F79EFBC}") = "FreeCourse.Services.Order.Domain.Core", "Services\Order\FreeCourse.Services.Order.Domain.Core\FreeCourse.Services.Order.Domain.Core.csproj", "{8B5CBD37-AA79-4E69-8E5F-8C0455C23EA1}"
EndProject
Project("{FAE04EC0-301F-11D3-BF4B-00C04F79EFBC}") = "FreeCourse.Services.Order.Infrastructure", "Services\Order\FreeCourse.Services.Order.Infrastructure\FreeCourse.Services.Order.Infrastructure.csproj", "{2DF5C0CC-488C-4E56-A53C-6DEFF0D3D188}"
EndProject
Global
	GlobalSection(SolutionConfigurationPlatforms) = preSolution
		Debug|Any CPU = Debug|Any CPU
		Release|Any CPU = Release|Any CPU
	EndGlobalSection
	GlobalSection(ProjectConfigurationPlatforms) = postSolution
		{56A7E621-B89C-4A72-9919-C7C4BF4830E2}.Debug|Any CPU.ActiveCfg = Debug|Any CPU
		{56A7E621-B89C-4A72-9919-C7C4BF4830E2}.Debug|Any CPU.Build.0 = Debug|Any CPU
		{56A7E621-B89C-4A72-9919-C7C4BF4830E2}.Release|Any CPU.ActiveCfg = Release|Any CPU
		{56A7E621-B89C-4A72-9919-C7C4BF4830E2}.Release|Any CPU.Build.0 = Release|Any CPU
		{95E0BB73-0F07-4BB4-BE2D-E872DA433F16}.Debug|Any CPU.ActiveCfg = Debug|Any CPU
		{95E0BB73-0F07-4BB4-BE2D-E872DA433F16}.Debug|Any CPU.Build.0 = Debug|Any CPU
		{95E0BB73-0F07-4BB4-BE2D-E872DA433F16}.Release|Any CPU.ActiveCfg = Release|Any CPU
		{95E0BB73-0F07-4BB4-BE2D-E872DA433F16}.Release|Any CPU.Build.0 = Release|Any CPU
		{682ED4C3-B77D-41FF-BFC2-47B64D92BACB}.Debug|Any CPU.ActiveCfg = Debug|Any CPU
		{682ED4C3-B77D-41FF-BFC2-47B64D92BACB}.Debug|Any CPU.Build.0 = Debug|Any CPU
		{682ED4C3-B77D-41FF-BFC2-47B64D92BACB}.Release|Any CPU.ActiveCfg = Release|Any CPU
		{682ED4C3-B77D-41FF-BFC2-47B64D92BACB}.Release|Any CPU.Build.0 = Release|Any CPU
		{F8981FA5-AFA5-4FB7-9E15-09F89F038EBD}.Debug|Any CPU.ActiveCfg = Debug|Any CPU
		{F8981FA5-AFA5-4FB7-9E15-09F89F038EBD}.Debug|Any CPU.Build.0 = Debug|Any CPU
		{F8981FA5-AFA5-4FB7-9E15-09F89F038EBD}.Release|Any CPU.ActiveCfg = Release|Any CPU
		{F8981FA5-AFA5-4FB7-9E15-09F89F038EBD}.Release|Any CPU.Build.0 = Release|Any CPU
		{1BBBC67F-FDDF-402B-92C0-1B212DE404F4}.Debug|Any CPU.ActiveCfg = Debug|Any CPU
		{1BBBC67F-FDDF-402B-92C0-1B212DE404F4}.Debug|Any CPU.Build.0 = Debug|Any CPU
		{1BBBC67F-FDDF-402B-92C0-1B212DE404F4}.Release|Any CPU.ActiveCfg = Release|Any CPU
		{1BBBC67F-FDDF-402B-92C0-1B212DE404F4}.Release|Any CPU.Build.0 = Release|Any CPU
		{16323994-1052-4FAC-ABBE-F930DE114B31}.Debug|Any CPU.ActiveCfg = Debug|Any CPU
		{16323994-1052-4FAC-ABBE-F930DE114B31}.Debug|Any CPU.Build.0 = Debug|Any CPU
		{16323994-1052-4FAC-ABBE-F930DE114B31}.Release|Any CPU.ActiveCfg = Release|Any CPU
		{16323994-1052-4FAC-ABBE-F930DE114B31}.Release|Any CPU.Build.0 = Release|Any CPU
		{4E913658-CB33-4D14-AFFB-425ED20F2D7A}.Debug|Any CPU.ActiveCfg = Debug|Any CPU
		{4E913658-CB33-4D14-AFFB-425ED20F2D7A}.Debug|Any CPU.Build.0 = Debug|Any CPU
		{4E913658-CB33-4D14-AFFB-425ED20F2D7A}.Release|Any CPU.ActiveCfg = Release|Any CPU
		{4E913658-CB33-4D14-AFFB-425ED20F2D7A}.Release|Any CPU.Build.0 = Release|Any CPU
		{8C3522FE-2180-4FBB-B427-818FE16BFBB5}.Debug|Any CPU.ActiveCfg = Debug|Any CPU
		{8C3522FE-2180-4FBB-B427-818FE16BFBB5}.Debug|Any CPU.Build.0 = Debug|Any CPU
		{8C3522FE-2180-4FBB-B427-818FE16BFBB5}.Release|Any CPU.ActiveCfg = Release|Any CPU
		{8C3522FE-2180-4FBB-B427-818FE16BFBB5}.Release|Any CPU.Build.0 = Release|Any CPU
		{D8C3E3E9-1D04-41C8-B468-896CFC1E14DF}.Debug|Any CPU.ActiveCfg = Debug|Any CPU
		{D8C3E3E9-1D04-41C8-B468-896CFC1E14DF}.Debug|Any CPU.Build.0 = Debug|Any CPU
		{D8C3E3E9-1D04-41C8-B468-896CFC1E14DF}.Release|Any CPU.ActiveCfg = Release|Any CPU
		{D8C3E3E9-1D04-41C8-B468-896CFC1E14DF}.Release|Any CPU.Build.0 = Release|Any CPU
		{8B5CBD37-AA79-4E69-8E5F-8C0455C23EA1}.Debug|Any CPU.ActiveCfg = Debug|Any CPU
		{8B5CBD37-AA79-4E69-8E5F-8C0455C23EA1}.Debug|Any CPU.Build.0 = Debug|Any CPU
		{8B5CBD37-AA79-4E69-8E5F-8C0455C23EA1}.Release|Any CPU.ActiveCfg = Release|Any CPU
		{8B5CBD37-AA79-4E69-8E5F-8C0455C23EA1}.Release|Any CPU.Build.0 = Release|Any CPU
		{2DF5C0CC-488C-4E56-A53C-6DEFF0D3D188}.Debug|Any CPU.ActiveCfg = Debug|Any CPU
		{2DF5C0CC-488C-4E56-A53C-6DEFF0D3D188}.Debug|Any CPU.Build.0 = Debug|Any CPU
		{2DF5C0CC-488C-4E56-A53C-6DEFF0D3D188}.Release|Any CPU.ActiveCfg = Release|Any CPU
		{2DF5C0CC-488C-4E56-A53C-6DEFF0D3D188}.Release|Any CPU.Build.0 = Release|Any CPU
	EndGlobalSection
	GlobalSection(SolutionProperties) = preSolution
		HideSolutionNode = FALSE
	EndGlobalSection
	GlobalSection(NestedProjects) = preSolution
		{DE6617F4-3CCF-41FB-BAF8-12389DA9F3C0} = {D3D0E6B2-C838-4766-8E50-231D978F13D3}
		{56A7E621-B89C-4A72-9919-C7C4BF4830E2} = {DE6617F4-3CCF-41FB-BAF8-12389DA9F3C0}
		{95E0BB73-0F07-4BB4-BE2D-E872DA433F16} = {B55E2710-CC88-4E85-AA33-19FC072DC956}
		{682ED4C3-B77D-41FF-BFC2-47B64D92BACB} = {3977B4DA-E110-4F22-99E8-B408B653572E}
		{95B44330-D5CD-49AF-B907-4C33FC4877DA} = {D3D0E6B2-C838-4766-8E50-231D978F13D3}
		{F8981FA5-AFA5-4FB7-9E15-09F89F038EBD} = {95B44330-D5CD-49AF-B907-4C33FC4877DA}
		{88D5C6F8-FBC5-48C7-90D0-49642D29183B} = {D3D0E6B2-C838-4766-8E50-231D978F13D3}
		{6EB5C42E-63F9-4B12-9140-00B34794E0FA} = {D3D0E6B2-C838-4766-8E50-231D978F13D3}
		{1BBBC67F-FDDF-402B-92C0-1B212DE404F4} = {6EB5C42E-63F9-4B12-9140-00B34794E0FA}
		{16323994-1052-4FAC-ABBE-F930DE114B31} = {88D5C6F8-FBC5-48C7-90D0-49642D29183B}
		{D2F5D7C1-52EF-4856-9F93-81F26330D0C0} = {D3D0E6B2-C838-4766-8E50-231D978F13D3}
		{4E913658-CB33-4D14-AFFB-425ED20F2D7A} = {D2F5D7C1-52EF-4856-9F93-81F26330D0C0}
		{8C3522FE-2180-4FBB-B427-818FE16BFBB5} = {D2F5D7C1-52EF-4856-9F93-81F26330D0C0}
		{D8C3E3E9-1D04-41C8-B468-896CFC1E14DF} = {D2F5D7C1-52EF-4856-9F93-81F26330D0C0}
		{8B5CBD37-AA79-4E69-8E5F-8C0455C23EA1} = {D2F5D7C1-52EF-4856-9F93-81F26330D0C0}
		{2DF5C0CC-488C-4E56-A53C-6DEFF0D3D188} = {D2F5D7C1-52EF-4856-9F93-81F26330D0C0}
	EndGlobalSection
	GlobalSection(ExtensibilityGlobals) = postSolution
		SolutionGuid = {032A1789-9256-4E6F-8607-1BCC6BD55222}
	EndGlobalSection
EndGlobal
